
Microsoft Visual Studio Solution File, Format Version 12.00
# Visual Studio Version 17
VisualStudioVersion = 17.5.002.0
MinimumVisualStudioVersion = 10.0.40219.1
Project("{9A19103F-16F7-4668-BE54-9A1E7A4F7556}") = "Tinhtongcacsotrongfiletext", "Tinhtongcacsotrongfiletext.csproj", "{A3680F78-20F8-42E2-ADF9-B083BBAA7BF5}"
EndProject
Global
	GlobalSection(SolutionConfigurationPlatforms) = preSolution
		Debug|Any CPU = Debug|Any CPU
		Release|Any CPU = Release|Any CPU
	EndGlobalSection
	GlobalSection(ProjectConfigurationPlatforms) = postSolution
		{A3680F78-20F8-42E2-ADF9-B083BBAA7BF5}.Debug|Any CPU.ActiveCfg = Debug|Any CPU
		{A3680F78-20F8-42E2-ADF9-B083BBAA7BF5}.Debug|Any CPU.Build.0 = Debug|Any CPU
		{A3680F78-20F8-42E2-ADF9-B083BBAA7BF5}.Release|Any CPU.ActiveCfg = Release|Any CPU
		{A3680F78-20F8-42E2-ADF9-B083BBAA7BF5}.Release|Any CPU.Build.0 = Release|Any CPU
	EndGlobalSection
	GlobalSection(SolutionProperties) = preSolution
		HideSolutionNode = FALSE
	EndGlobalSection
	GlobalSection(ExtensibilityGlobals) = postSolution
		SolutionGuid = {25B09AF5-88B3-4B72-A761-1DD9F41DBE33}
	EndGlobalSection
EndGlobal
